
Microsoft Visual Studio Solution File, Format Version 12.00
# Visual Studio Version 16
VisualStudioVersion = 16.0.30011.22
MinimumVisualStudioVersion = 10.0.40219.1
Project("{9A19103F-16F7-4668-BE54-9A1E7A4F7556}") = "DiscordRPC", "DiscordRPC.csproj", "{819D20D6-8D88-45C1-A4D2-AA21F10ABD19}"
EndProject
Project("{9A19103F-16F7-4668-BE54-9A1E7A4F7556}") = "DiscordRPC.Example", "..\DiscordRPC.Example\DiscordRPC.Example.csproj", "{37FEE3CF-72FE-4450-A71A-373D3B298F0F}"
EndProject
Global
	GlobalSection(SolutionConfigurationPlatforms) = preSolution
		Debug|Any CPU = Debug|Any CPU
		Release|Any CPU = Release|Any CPU
	EndGlobalSection
	GlobalSection(ProjectConfigurationPlatforms) = postSolution
		{819D20D6-8D88-45C1-A4D2-AA21F10ABD19}.Debug|Any CPU.ActiveCfg = Debug|Any CPU
		{819D20D6-8D88-45C1-A4D2-AA21F10ABD19}.Debug|Any CPU.Build.0 = Debug|Any CPU
		{819D20D6-8D88-45C1-A4D2-AA21F10ABD19}.Release|Any CPU.ActiveCfg = Release|Any CPU
		{819D20D6-8D88-45C1-A4D2-AA21F10ABD19}.Release|Any CPU.Build.0 = Release|Any CPU
		{37FEE3CF-72FE-4450-A71A-373D3B298F0F}.Debug|Any CPU.ActiveCfg = Debug|Any CPU
		{37FEE3CF-72FE-4450-A71A-373D3B298F0F}.Debug|Any CPU.Build.0 = Debug|Any CPU
		{37FEE3CF-72FE-4450-A71A-373D3B298F0F}.Release|Any CPU.ActiveCfg = Release|Any CPU
	EndGlobalSection
	GlobalSection(SolutionProperties) = preSolution
		HideSolutionNode = FALSE
	EndGlobalSection
	GlobalSection(ExtensibilityGlobals) = postSolution
		SolutionGuid = {836162DF-AEF8-4551-8562-FEAD0F4550E3}
	EndGlobalSection
EndGlobal
